
Microsoft Visual Studio Solution File, Format Version 12.00
# Visual Studio Version 16
VisualStudioVersion = 16.0.31624.102
MinimumVisualStudioVersion = 10.0.40219.1
Project("{FAE04EC0-301F-11D3-BF4B-00C04F79EFBC}") = "AlphaBodyFirst", "AlphaBodyFirst\AlphaBodyFirst.csproj", "{F2E08928-3428-4D26-8C97-EBFDF36DE49A}"
EndProject
Project("{FAE04EC0-301F-11D3-BF4B-00C04F79EFBC}") = "Dal", "Dal\Dal.csproj", "{D5B47288-339A-43A5-AA3A-9440E04B76D3}"
EndProject
Project("{FAE04EC0-301F-11D3-BF4B-00C04F79EFBC}") = "BL", "BL\BL.csproj", "{542D2620-560D-4C37-8474-CBF769FB0099}"
EndProject
Global
	GlobalSection(SolutionConfigurationPlatforms) = preSolution
		Debug|Any CPU = Debug|Any CPU
		Release|Any CPU = Release|Any CPU
	EndGlobalSection
	GlobalSection(ProjectConfigurationPlatforms) = postSolution
		{F2E08928-3428-4D26-8C97-EBFDF36DE49A}.Debug|Any CPU.ActiveCfg = Debug|Any CPU
		{F2E08928-3428-4D26-8C97-EBFDF36DE49A}.Debug|Any CPU.Build.0 = Debug|Any CPU
		{F2E08928-3428-4D26-8C97-EBFDF36DE49A}.Release|Any CPU.ActiveCfg = Release|Any CPU
		{F2E08928-3428-4D26-8C97-EBFDF36DE49A}.Release|Any CPU.Build.0 = Release|Any CPU
		{D5B47288-339A-43A5-AA3A-9440E04B76D3}.Debug|Any CPU.ActiveCfg = Debug|Any CPU
		{D5B47288-339A-43A5-AA3A-9440E04B76D3}.Debug|Any CPU.Build.0 = Debug|Any CPU
		{D5B47288-339A-43A5-AA3A-9440E04B76D3}.Release|Any CPU.ActiveCfg = Release|Any CPU
		{D5B47288-339A-43A5-AA3A-9440E04B76D3}.Release|Any CPU.Build.0 = Release|Any CPU
		{542D2620-560D-4C37-8474-CBF769FB0099}.Debug|Any CPU.ActiveCfg = Debug|Any CPU
		{542D2620-560D-4C37-8474-CBF769FB0099}.Debug|Any CPU.Build.0 = Debug|Any CPU
		{542D2620-560D-4C37-8474-CBF769FB0099}.Release|Any CPU.ActiveCfg = Release|Any CPU
		{542D2620-560D-4C37-8474-CBF769FB0099}.Release|Any CPU.Build.0 = Release|Any CPU
	EndGlobalSection
	GlobalSection(SolutionProperties) = preSolution
		HideSolutionNode = FALSE
	EndGlobalSection
	GlobalSection(ExtensibilityGlobals) = postSolution
		SolutionGuid = {41E01C41-4EF5-49BE-B906-0B40EC3346F4}
	EndGlobalSection
EndGlobal
